
Microsoft Visual Studio Solution File, Format Version 12.00
Project("{FAE04EC0-301F-11D3-BF4B-00C04F79EFBC}") = "Task", "Task\Task.csproj", "{7C157702-3C95-484F-AC15-30ED8B2A52BA}"
EndProject
Project("{FAE04EC0-301F-11D3-BF4B-00C04F79EFBC}") = "Task.Lib", "Task.Lib\Task.Lib.csproj", "{A9D6AC1F-5CDD-4F69-9C8C-80412D18A4F1}"
EndProject
Project("{FAE04EC0-301F-11D3-BF4B-00C04F79EFBC}") = "Task.Tests", "Task.Tests\Task.Tests.csproj", "{0EDB8316-D16F-423B-895E-9E7C2667AAB6}"
EndProject
Global
	GlobalSection(SolutionConfigurationPlatforms) = preSolution
		Debug|Any CPU = Debug|Any CPU
		Release|Any CPU = Release|Any CPU
	EndGlobalSection
	GlobalSection(ProjectConfigurationPlatforms) = postSolution
		{7C157702-3C95-484F-AC15-30ED8B2A52BA}.Debug|Any CPU.ActiveCfg = Debug|Any CPU
		{7C157702-3C95-484F-AC15-30ED8B2A52BA}.Debug|Any CPU.Build.0 = Debug|Any CPU
		{7C157702-3C95-484F-AC15-30ED8B2A52BA}.Release|Any CPU.ActiveCfg = Release|Any CPU
		{7C157702-3C95-484F-AC15-30ED8B2A52BA}.Release|Any CPU.Build.0 = Release|Any CPU
		{A9D6AC1F-5CDD-4F69-9C8C-80412D18A4F1}.Debug|Any CPU.ActiveCfg = Debug|Any CPU
		{A9D6AC1F-5CDD-4F69-9C8C-80412D18A4F1}.Debug|Any CPU.Build.0 = Debug|Any CPU
		{A9D6AC1F-5CDD-4F69-9C8C-80412D18A4F1}.Release|Any CPU.ActiveCfg = Release|Any CPU
		{A9D6AC1F-5CDD-4F69-9C8C-80412D18A4F1}.Release|Any CPU.Build.0 = Release|Any CPU
		{0EDB8316-D16F-423B-895E-9E7C2667AAB6}.Debug|Any CPU.ActiveCfg = Debug|Any CPU
		{0EDB8316-D16F-423B-895E-9E7C2667AAB6}.Debug|Any CPU.Build.0 = Debug|Any CPU
		{0EDB8316-D16F-423B-895E-9E7C2667AAB6}.Release|Any CPU.ActiveCfg = Release|Any CPU
		{0EDB8316-D16F-423B-895E-9E7C2667AAB6}.Release|Any CPU.Build.0 = Release|Any CPU
	EndGlobalSection
EndGlobal
